{
  "nodes": {
    "nixpkgs": {
      "locked": {
        "lastModified": 1773785829,
        "narHash": "sha256-oNcCVGSTVXCnhh+e9CtEenPHER9hNXElmWQ+V6/j4Mo=",
        "owner": "NixOS",
        "repo": "nixpkgs",
        "rev": "cbe2b76406d5567bfc9a9a6eca0320885bc108c4",
        "type": "github"
      },
      "original": {
        "owner": "NixOS",
        "repo": "nixpkgs",
        "rev": "cbe2b76406d5567bfc9a9a6eca0320885bc108c4",
        "type": "github"
      }
    },
    "root": {
      "inputs": {
        "nixpkgs": "nixpkgs"
      }
    }
  },
  "root": "root",
  "version": 7
}
